// !$*UTF8*$!
{
	archiveVersion = 1;
	classes = {
	};
	objectVersion = 46;
	objects = {

/* Begin PBXBuildFile section */
		528A6C8694BBBB30F765FB8E /* Pods_vodLockerAppUITests.framework in Frameworks */ = {isa = PBXBuildFile; fileRef = 31C03032BF4E7F348FD10CB0 /* Pods_vodLockerAppUITests.framework */; };
		98065DF2B589E603199551F7 /* Pods_vodLockerApp.framework in Frameworks */ = {isa = PBXBuildFile; fileRef = 4ED083FDB698498180189010 /* Pods_vodLockerApp.framework */; };
		BD1C8AA61F34BFF000BAA8EC /* HomeViewController.swift in Sources */ = {isa = PBXBuildFile; fileRef = BD1C8AA51F34BFF000BAA8EC /* HomeViewController.swift */; };
		BD480D3E1F29258B00A6C84A /* AppDelegate.swift in Sources */ = {isa = PBXBuildFile; fileRef = BD480D3D1F29258B00A6C84A /* AppDelegate.swift */; };
		BD480D401F29258B00A6C84A /* ViewController.swift in Sources */ = {isa = PBXBuildFile; fileRef = BD480D3F1F29258B00A6C84A /* ViewController.swift */; };
		BD480D431F29258B00A6C84A /* Main.storyboard in Resources */ = {isa = PBXBuildFile; fileRef = BD480D411F29258B00A6C84A /* Main.storyboard */; };
		BD480D451F29258B00A6C84A /* Assets.xcassets in Resources */ = {isa = PBXBuildFile; fileRef = BD480D441F29258B00A6C84A /* Assets.xcassets */; };
		BD480D481F29258B00A6C84A /* LaunchScreen.storyboard in Resources */ = {isa = PBXBuildFile; fileRef = BD480D461F29258B00A6C84A /* LaunchScreen.storyboard */; };
		BD480D531F29258C00A6C84A /* vodLockerAppTests.swift in Sources */ = {isa = PBXBuildFile; fileRef = BD480D521F29258C00A6C84A /* vodLockerAppTests.swift */; };
		BD480D5E1F29258C00A6C84A /* vodLockerAppUITests.swift in Sources */ = {isa = PBXBuildFile; fileRef = BD480D5D1F29258C00A6C84A /* vodLockerAppUITests.swift */; };
		E69523FBAAAF22B9166FBAAF /* Pods_vodLockerAppTests.framework in Frameworks */ = {isa = PBXBuildFile; fileRef = EE123B00C3598BDDF030885E /* Pods_vodLockerAppTests.framework */; };
/* End PBXBuildFile section */

/* Begin PBXContainerItemProxy section */
		BD480D4F1F29258C00A6C84A /* PBXContainerItemProxy */ = {
			isa = PBXContainerItemProxy;
			containerPortal = BD480D321F29258B00A6C84A /* Project object */;
			proxyType = 1;
			remoteGlobalIDString = BD480D391F29258B00A6C84A;
			remoteInfo = vodLockerApp;
		};
		BD480D5A1F29258C00A6C84A /* PBXContainerItemProxy */ = {
			isa = PBXContainerItemProxy;
			containerPortal = BD480D321F29258B00A6C84A /* Project object */;
			proxyType = 1;
			remoteGlobalIDString = BD480D391F29258B00A6C84A;
			remoteInfo = vodLockerApp;
		};
/* End PBXContainerItemProxy section */

/* Begin PBXFileReference section */
		0E937F174A9CDDF672324530 /* Pods-vodLockerAppTests.debug.xcconfig */ = {isa = PBXFileReference; includeInIndex = 1; lastKnownFileType = text.xcconfig; name = "Pods-vodLockerAppTests.debug.xcconfig"; path = "Pods/Target Support Files/Pods-vodLockerAppTests/Pods-vodLockerAppTests.debug.xcconfig"; sourceTree = "<group>"; };
		1B1A9099B3D930CABE313E1B /* Pods-vodLockerApp.debug.xcconfig */ = {isa = PBXFileReference; includeInIndex = 1; lastKnownFileType = text.xcconfig; name = "Pods-vodLockerApp.debug.xcconfig"; path = "Pods/Target Support Files/Pods-vodLockerApp/Pods-vodLockerApp.debug.xcconfig"; sourceTree = "<group>"; };
		31C03032BF4E7F348FD10CB0 /* Pods_vodLockerAppUITests.framework */ = {isa = PBXFileReference; explicitFileType = wrapper.framework; includeInIndex = 0; path = Pods_vodLockerAppUITests.framework; sourceTree = BUILT_PRODUCTS_DIR; };
		39CE8808D09AA5A432FFAEB3 /* Pods-vodLockerApp.release.xcconfig */ = {isa = PBXFileReference; includeInIndex = 1; lastKnownFileType = text.xcconfig; name = "Pods-vodLockerApp.release.xcconfig"; path = "Pods/Target Support Files/Pods-vodLockerApp/Pods-vodLockerApp.release.xcconfig"; sourceTree = "<group>"; };
		478A954B737F83334853B555 /* Pods-vodLockerAppUITests.debug.xcconfig */ = {isa = PBXFileReference; includeInIndex = 1; lastKnownFileType = text.xcconfig; name = "Pods-vodLockerAppUITests.debug.xcconfig"; path = "Pods/Target Support Files/Pods-vodLockerAppUITests/Pods-vodLockerAppUITests.debug.xcconfig"; sourceTree = "<group>"; };
		4ED083FDB698498180189010 /* Pods_vodLockerApp.framework */ = {isa = PBXFileReference; explicitFileType = wrapper.framework; includeInIndex = 0; path = Pods_vodLockerApp.framework; sourceTree = BUILT_PRODUCTS_DIR; };
		72A542E7E4C081E23BF8F441 /* Pods-vodLockerAppTests.release.xcconfig */ = {isa = PBXFileReference; includeInIndex = 1; lastKnownFileType = text.xcconfig; name = "Pods-vodLockerAppTests.release.xcconfig"; path = "Pods/Target Support Files/Pods-vodLockerAppTests/Pods-vodLockerAppTests.release.xcconfig"; sourceTree = "<group>"; };
		BD1C8AA51F34BFF000BAA8EC /* HomeViewController.swift */ = {isa = PBXFileReference; fileEncoding = 4; lastKnownFileType = sourcecode.swift; path = HomeViewController.swift; sourceTree = "<group>"; };
		BD480D3A1F29258B00A6C84A /* vodLockerApp.app */ = {isa = PBXFileReference; explicitFileType = wrapper.application; includeInIndex = 0; path = vodLockerApp.app; sourceTree = BUILT_PRODUCTS_DIR; };
		BD480D3D1F29258B00A6C84A /* AppDelegate.swift */ = {isa = PBXFileReference; lastKnownFileType = sourcecode.swift; path = AppDelegate.swift; sourceTree = "<group>"; };
		BD480D3F1F29258B00A6C84A /* ViewController.swift */ = {isa = PBXFileReference; lastKnownFileType = sourcecode.swift; path = ViewController.swift; sourceTree = "<group>"; };
		BD480D421F29258B00A6C84A /* Base */ = {isa = PBXFileReference; lastKnownFileType = file.storyboard; name = Base; path = Base.lproj/Main.storyboard; sourceTree = "<group>"; };
		BD480D441F29258B00A6C84A /* Assets.xcassets */ = {isa = PBXFileReference; lastKnownFileType = folder.assetcatalog; path = Assets.xcassets; sourceTree = "<group>"; };
		BD480D471F29258B00A6C84A /* Base */ = {isa = PBXFileReference; lastKnownFileType = file.storyboard; name = Base; path = Base.lproj/LaunchScreen.storyboard; sourceTree = "<group>"; };
		BD480D491F29258B00A6C84A /* Info.plist */ = {isa = PBXFileReference; lastKnownFileType = text.plist.xml; path = Info.plist; sourceTree = "<group>"; };
		BD480D4E1F29258C00A6C84A /* vodLockerAppTests.xctest */ = {isa = PBXFileReference; explicitFileType = wrapper.cfbundle; includeInIndex = 0; path = vodLockerAppTests.xctest; sourceTree = BUILT_PRODUCTS_DIR; };
		BD480D521F29258C00A6C84A /* vodLockerAppTests.swift */ = {isa = PBXFileReference; lastKnownFileType = sourcecode.swift; path = vodLockerAppTests.swift; sourceTree = "<group>"; };
		BD480D541F29258C00A6C84A /* Info.plist */ = {isa = PBXFileReference; lastKnownFileType = text.plist.xml; path = Info.plist; sourceTree = "<group>"; };
		BD480D591F29258C00A6C84A /* vodLockerAppUITests.xctest */ = {isa = PBXFileReference; explicitFileType = wrapper.cfbundle; includeInIndex = 0; path = vodLockerAppUITests.xctest; sourceTree = BUILT_PRODUCTS_DIR; };
		BD480D5D1F29258C00A6C84A /* vodLockerAppUITests.swift */ = {isa = PBXFileReference; lastKnownFileType = sourcecode.swift; path = vodLockerAppUITests.swift; sourceTree = "<group>"; };
		BD480D5F1F29258C00A6C84A /* Info.plist */ = {isa = PBXFileReference; lastKnownFileType = text.plist.xml; path = Info.plist; sourceTree = "<group>"; };
		EC6591F7CEB1A123514E46BE /* Pods-vodLockerAppUITests.release.xcconfig */ = {isa = PBXFileReference; includeInIndex = 1; lastKnownFileType = text.xcconfig; name = "Pods-vodLockerAppUITests.release.xcconfig"; path = "Pods/Target Support Files/Pods-vodLockerAppUITests/Pods-vodLockerAppUITests.release.xcconfig"; sourceTree = "<group>"; };
		EE123B00C3598BDDF030885E /* Pods_vodLockerAppTests.framework */ = {isa = PBXFileReference; explicitFileType = wrapper.framework; includeInIndex = 0; path = Pods_vodLockerAppTests.framework; sourceTree = BUILT_PRODUCTS_DIR; };
/* End PBXFileReference section */

/* Begin PBXFrameworksBuildPhase section */
		BD480D371F29258B00A6C84A /* Frameworks */ = {
			isa = PBXFrameworksBuildPhase;
			buildActionMask = 2147483647;
			files = (
				98065DF2B589E603199551F7 /* Pods_vodLockerApp.framework in Frameworks */,
			);
			runOnlyForDeploymentPostprocessing = 0;
		};
		BD480D4B1F29258C00A6C84A /* Frameworks */ = {
			isa = PBXFrameworksBuildPhase;
			buildActionMask = 2147483647;
			files = (
				E69523FBAAAF22B9166FBAAF /* Pods_vodLockerAppTests.framework in Frameworks */,
			);
			runOnlyForDeploymentPostprocessing = 0;
		};
		BD480D561F29258C00A6C84A /* Frameworks */ = {
			isa = PBXFrameworksBuildPhase;
			buildActionMask = 2147483647;
			files = (
				528A6C8694BBBB30F765FB8E /* Pods_vodLockerAppUITests.framework in Frameworks */,
			);
			runOnlyForDeploymentPostprocessing = 0;
		};
/* End PBXFrameworksBuildPhase section */

/* Begin PBXGroup section */
		011CC3B8DEAB3CCB61B86A4B /* Pods */ = {
			isa = PBXGroup;
			children = (
				1B1A9099B3D930CABE313E1B /* Pods-vodLockerApp.debug.xcconfig */,
				39CE8808D09AA5A432FFAEB3 /* Pods-vodLockerApp.release.xcconfig */,
				0E937F174A9CDDF672324530 /* Pods-vodLockerAppTests.debug.xcconfig */,
				72A542E7E4C081E23BF8F441 /* Pods-vodLockerAppTests.release.xcconfig */,
				478A954B737F83334853B555 /* Pods-vodLockerAppUITests.debug.xcconfig */,
				EC6591F7CEB1A123514E46BE /* Pods-vodLockerAppUITests.release.xcconfig */,
			);
			name = Pods;
			sourceTree = "<group>";
		};
		BD480D311F29258B00A6C84A = {
			isa = PBXGroup;
			children = (
				BD480D3C1F29258B00A6C84A /* vodLockerApp */,
				BD480D511F29258C00A6C84A /* vodLockerAppTests */,
				BD480D5C1F29258C00A6C84A /* vodLockerAppUITests */,
				BD480D3B1F29258B00A6C84A /* Products */,
				011CC3B8DEAB3CCB61B86A4B /* Pods */,
				CF4B1D3E30DD1A9195FE6B44 /* Frameworks */,
			);
			sourceTree = "<group>";
		};
		BD480D3B1F29258B00A6C84A /* Products */ = {
			isa = PBXGroup;
			children = (
				BD480D3A1F29258B00A6C84A /* vodLockerApp.app */,
				BD480D4E1F29258C00A6C84A /* vodLockerAppTests.xctest */,
				BD480D591F29258C00A6C84A /* vodLockerAppUITests.xctest */,
			);
			name = Products;
			sourceTree = "<group>";
		};
		BD480D3C1F29258B00A6C84A /* vodLockerApp */ = {
			isa = PBXGroup;
			children = (
				BD480D3D1F29258B00A6C84A /* AppDelegate.swift */,
				BD480D3F1F29258B00A6C84A /* ViewController.swift */,
				BD1C8AA51F34BFF000BAA8EC /* HomeViewController.swift */,
				BD480D411F29258B00A6C84A /* Main.storyboard */,
				BD480D441F29258B00A6C84A /* Assets.xcassets */,
				BD480D461F29258B00A6C84A /* LaunchScreen.storyboard */,
				BD480D491F29258B00A6C84A /* Info.plist */,
			);
			path = vodLockerApp;
			sourceTree = "<group>";
		};
		BD480D511F29258C00A6C84A /* vodLockerAppTests */ = {
			isa = PBXGroup;
			children = (
				BD480D521F29258C00A6C84A /* vodLockerAppTests.swift */,
				BD480D541F29258C00A6C84A /* Info.plist */,
			);
			path = vodLockerAppTests;
			sourceTree = "<group>";
		};
		BD480D5C1F29258C00A6C84A /* vodLockerAppUITests */ = {
			isa = PBXGroup;
			children = (
				BD480D5D1F29258C00A6C84A /* vodLockerAppUITests.swift */,
				BD480D5F1F29258C00A6C84A /* Info.plist */,
			);
			path = vodLockerAppUITests;
			sourceTree = "<group>";
		};
		CF4B1D3E30DD1A9195FE6B44 /* Frameworks */ = {
			isa = PBXGroup;
			children = (
				4ED083FDB698498180189010 /* Pods_vodLockerApp.framework */,
				EE123B00C3598BDDF030885E /* Pods_vodLockerAppTests.framework */,
				31C03032BF4E7F348FD10CB0 /* Pods_vodLockerAppUITests.framework */,
			);
			name = Frameworks;
			sourceTree = "<group>";
		};
/* End PBXGroup section */

/* Begin PBXNativeTarget section */
		BD480D391F29258B00A6C84A /* vodLockerApp */ = {
			isa = PBXNativeTarget;
			buildConfigurationList = BD480D621F29258C00A6C84A /* Build configuration list for PBXNativeTarget "vodLockerApp" */;
			buildPhases = (
				39E58A77943840CA9DA2CA68 /* [CP] Check Pods Manifest.lock */,
				BD480D361F29258B00A6C84A /* Sources */,
				BD480D371F29258B00A6C84A /* Frameworks */,
				BD480D381F29258B00A6C84A /* Resources */,
				784CE249443D125AD7356026 /* [CP] Embed Pods Frameworks */,
				F6009D2210976035535D56D9 /* [CP] Copy Pods Resources */,
			);
			buildRules = (
			);
			dependencies = (
			);
			name = vodLockerApp;
			productName = vodLockerApp;
			productReference = BD480D3A1F29258B00A6C84A /* vodLockerApp.app */;
			productType = "com.apple.product-type.application";
		};
		BD480D4D1F29258C00A6C84A /* vodLockerAppTests */ = {
			isa = PBXNativeTarget;
			buildConfigurationList = BD480D651F29258C00A6C84A /* Build configuration list for PBXNativeTarget "vodLockerAppTests" */;
			buildPhases = (
				6EC0DB4FDA69627B9AB2A94C /* [CP] Check Pods Manifest.lock */,
				BD480D4A1F29258C00A6C84A /* Sources */,
				BD480D4B1F29258C00A6C84A /* Frameworks */,
				BD480D4C1F29258C00A6C84A /* Resources */,
				A48A74001AF669EF882DCC28 /* [CP] Embed Pods Frameworks */,
				58A4CBA8A63F84CD49797EFD /* [CP] Copy Pods Resources */,
			);
			buildRules = (
			);
			dependencies = (
				BD480D501F29258C00A6C84A /* PBXTargetDependency */,
			);
			name = vodLockerAppTests;
			productName = vodLockerAppTests;
			productReference = BD480D4E1F29258C00A6C84A /* vodLockerAppTests.xctest */;
			productType = "com.apple.product-type.bundle.unit-test";
		};
		BD480D581F29258C00A6C84A /* vodLockerAppUITests */ = {
			isa = PBXNativeTarget;
			buildConfigurationList = BD480D681F29258C00A6C84A /* Build configuration list for PBXNativeTarget "vodLockerAppUITests" */;
			buildPhases = (
				E397E8637DDE5840181780C7 /* [CP] Check Pods Manifest.lock */,
				BD480D551F29258C00A6C84A /* Sources */,
				BD480D561F29258C00A6C84A /* Frameworks */,
				BD480D571F29258C00A6C84A /* Resources */,
				8227B69A1294EC6871C2B065 /* [CP] Embed Pods Frameworks */,
				4A5398F99018EF2AE25801B6 /* [CP] Copy Pods Resources */,
			);
			buildRules = (
			);
			dependencies = (
				BD480D5B1F29258C00A6C84A /* PBXTargetDependency */,
			);
			name = vodLockerAppUITests;
			productName = vodLockerAppUITests;
			productReference = BD480D591F29258C00A6C84A /* vodLockerAppUITests.xctest */;
			productType = "com.apple.product-type.bundle.ui-testing";
		};
/* End PBXNativeTarget section */

/* Begin PBXProject section */
		BD480D321F29258B00A6C84A /* Project object */ = {
			isa = PBXProject;
			attributes = {
				LastSwiftUpdateCheck = 0830;
				LastUpgradeCheck = 0830;
				ORGANIZATIONNAME = "Colin Walsh";
				TargetAttributes = {
					BD480D391F29258B00A6C84A = {
						CreatedOnToolsVersion = 8.3.3;
						DevelopmentTeam = Q844VW9UW4;
						ProvisioningStyle = Automatic;
					};
					BD480D4D1F29258C00A6C84A = {
						CreatedOnToolsVersion = 8.3.3;
						ProvisioningStyle = Automatic;
						TestTargetID = BD480D391F29258B00A6C84A;
					};
					BD480D581F29258C00A6C84A = {
						CreatedOnToolsVersion = 8.3.3;
						ProvisioningStyle = Automatic;
						TestTargetID = BD480D391F29258B00A6C84A;
					};
				};
			};
			buildConfigurationList = BD480D351F29258B00A6C84A /* Build configuration list for PBXProject "vodLockerApp" */;
			compatibilityVersion = "Xcode 3.2";
			developmentRegion = English;
			hasScannedForEncodings = 0;
			knownRegions = (
				en,
				Base,
			);
			mainGroup = BD480D311F29258B00A6C84A;
			productRefGroup = BD480D3B1F29258B00A6C84A /* Products */;
			projectDirPath = "";
			projectRoot = "";
			targets = (
				BD480D391F29258B00A6C84A /* vodLockerApp */,
				BD480D4D1F29258C00A6C84A /* vodLockerAppTests */,
				BD480D581F29258C00A6C84A /* vodLockerAppUITests */,
			);
		};
/* End PBXProject section */

/* Begin PBXResourcesBuildPhase section */
		BD480D381F29258B00A6C84A /* Resources */ = {
			isa = PBXResourcesBuildPhase;
			buildActionMask = 2147483647;
			files = (
				BD480D481F29258B00A6C84A /* LaunchScreen.storyboard in Resources */,
				BD480D451F29258B00A6C84A /* Assets.xcassets in Resources */,
				BD480D431F29258B00A6C84A /* Main.storyboard in Resources */,
			);
			runOnlyForDeploymentPostprocessing = 0;
		};
		BD480D4C1F29258C00A6C84A /* Resources */ = {
			isa = PBXResourcesBuildPhase;
			buildActionMask = 2147483647;
			files = (
			);
			runOnlyForDeploymentPostprocessing = 0;
		};
		BD480D571F29258C00A6C84A /* Resources */ = {
			isa = PBXResourcesBuildPhase;
			buildActionMask = 2147483647;
			files = (
			);
			runOnlyForDeploymentPostprocessing = 0;
		};
/* End PBXResourcesBuildPhase section */

/* Begin PBXShellScriptBuildPhase section */
		39E58A77943840CA9DA2CA68 /* [CP] Check Pods Manifest.lock */ = {
			isa = PBXShellScriptBuildPhase;
			buildActionMask = 2147483647;
			files = (
			);
			inputPaths = (
			);
			name = "[CP] Check Pods Manifest.lock";
			outputPaths = (
			);
			runOnlyForDeploymentPostprocessing = 0;
			shellPath = /bin/sh;
			shellScript = "diff \"${PODS_PODFILE_DIR_PATH}/Podfile.lock\" \"${PODS_ROOT}/Manifest.lock\" > /dev/null\nif [ $? != 0 ] ; then\n    # print error to STDERR\n    echo \"error: The sandbox is not in sync with the Podfile.lock. Run 'pod install' or update your CocoaPods installation.\" >&2\n    exit 1\nfi\n";
			showEnvVarsInLog = 0;
		};
		4A5398F99018EF2AE25801B6 /* [CP] Copy Pods Resources */ = {
			isa = PBXShellScriptBuildPhase;
			buildActionMask = 2147483647;
			files = (
			);
			inputPaths = (
			);
			name = "[CP] Copy Pods Resources";
			outputPaths = (
			);
			runOnlyForDeploymentPostprocessing = 0;
			shellPath = /bin/sh;
			shellScript = "\"${SRCROOT}/Pods/Target Support Files/Pods-vodLockerAppUITests/Pods-vodLockerAppUITests-resources.sh\"\n";
			showEnvVarsInLog = 0;
		};
		58A4CBA8A63F84CD49797EFD /* [CP] Copy Pods Resources */ = {
			isa = PBXShellScriptBuildPhase;
			buildActionMask = 2147483647;
			files = (
			);
			inputPaths = (
			);
			name = "[CP] Copy Pods Resources";
			outputPaths = (
			);
			runOnlyForDeploymentPostprocessing = 0;
			shellPath = /bin/sh;
			shellScript = "\"${SRCROOT}/Pods/Target Support Files/Pods-vodLockerAppTests/Pods-vodLockerAppTests-resources.sh\"\n";
			showEnvVarsInLog = 0;
		};
		6EC0DB4FDA69627B9AB2A94C /* [CP] Check Pods Manifest.lock */ = {
			isa = PBXShellScriptBuildPhase;
			buildActionMask = 2147483647;
			files = (
			);
			inputPaths = (
			);
			name = "[CP] Check Pods Manifest.lock";
			outputPaths = (
			);
			runOnlyForDeploymentPostprocessing = 0;
			shellPath = /bin/sh;
			shellScript = "diff \"${PODS_PODFILE_DIR_PATH}/Podfile.lock\" \"${PODS_ROOT}/Manifest.lock\" > /dev/null\nif [ $? != 0 ] ; then\n    # print error to STDERR\n    echo \"error: The sandbox is not in sync with the Podfile.lock. Run 'pod install' or update your CocoaPods installation.\" >&2\n    exit 1\nfi\n";
			showEnvVarsInLog = 0;
		};
		784CE249443D125AD7356026 /* [CP] Embed Pods Frameworks */ = {
			isa = PBXShellScriptBuildPhase;
			buildActionMask = 2147483647;
			files = (
			);
			inputPaths = (
			);
			name = "[CP] Embed Pods Frameworks";
			outputPaths = (
			);
			runOnlyForDeploymentPostprocessing = 0;
			shellPath = /bin/sh;
			shellScript = "\"${SRCROOT}/Pods/Target Support Files/Pods-vodLockerApp/Pods-vodLockerApp-frameworks.sh\"\n";
			showEnvVarsInLog = 0;
		};
		8227B69A1294EC6871C2B065 /* [CP] Embed Pods Frameworks */ = {
			isa = PBXShellScriptBuildPhase;
			buildActionMask = 2147483647;
			files = (
			);
			inputPaths = (
			);
			name = "[CP] Embed Pods Frameworks";
			outputPaths = (
			);
			runOnlyForDeploymentPostprocessing = 0;
			shellPath = /bin/sh;
			shellScript = "\"${SRCROOT}/Pods/Target Support Files/Pods-vodLockerAppUITests/Pods-vodLockerAppUITests-frameworks.sh\"\n";
			showEnvVarsInLog = 0;
		};
		A48A74001AF669EF882DCC28 /* [CP] Embed Pods Frameworks */ = {
			isa = PBXShellScriptBuildPhase;
			buildActionMask = 2147483647;
			files = (
			);
			inputPaths = (
			);
			name = "[CP] Embed Pods Frameworks";
			outputPaths = (
			);
			runOnlyForDeploymentPostprocessing = 0;
			shellPath = /bin/sh;
			shellScript = "\"${SRCROOT}/Pods/Target Support Files/Pods-vodLockerAppTests/Pods-vodLockerAppTests-frameworks.sh\"\n";
			showEnvVarsInLog = 0;
		};
		E397E8637DDE5840181780C7 /* [CP] Check Pods Manifest.lock */ = {
			isa = PBXShellScriptBuildPhase;
			buildActionMask = 2147483647;
			files = (
			);
			inputPaths = (
			);
			name = "[CP] Check Pods Manifest.lock";
			outputPaths = (
			);
			runOnlyForDeploymentPostprocessing = 0;
			shellPath = /bin/sh;
			shellScript = "diff \"${PODS_PODFILE_DIR_PATH}/Podfile.lock\" \"${PODS_ROOT}/Manifest.lock\" > /dev/null\nif [ $? != 0 ] ; then\n    # print error to STDERR\n    echo \"error: The sandbox is not in sync with the Podfile.lock. Run 'pod install' or update your CocoaPods installation.\" >&2\n    exit 1\nfi\n";
			showEnvVarsInLog = 0;
		};
		F6009D2210976035535D56D9 /* [CP] Copy Pods Resources */ = {
			isa = PBXShellScriptBuildPhase;
			buildActionMask = 2147483647;
			files = (
			);
			inputPaths = (
			);
			name = "[CP] Copy Pods Resources";
			outputPaths = (
			);
			runOnlyForDeploymentPostprocessing = 0;
			shellPath = /bin/sh;
			shellScript = "\"${SRCROOT}/Pods/Target Support Files/Pods-vodLockerApp/Pods-vodLockerApp-resources.sh\"\n";
			showEnvVarsInLog = 0;
		};
/* End PBXShellScriptBuildPhase section */

/* Begin PBXSourcesBuildPhase section */
		BD480D361F29258B00A6C84A /* Sources */ = {
			isa = PBXSourcesBuildPhase;
			buildActionMask = 2147483647;
			files = (
				BD480D401F29258B00A6C84A /* ViewController.swift in Sources */,
				BD480D3E1F29258B00A6C84A /* AppDelegate.swift in Sources */,
				BD1C8AA61F34BFF000BAA8EC /* HomeViewController.swift in Sources */,
			);
			runOnlyForDeploymentPostprocessing = 0;
		};
		BD480D4A1F29258C00A6C84A /* Sources */ = {
			isa = PBXSourcesBuildPhase;
			buildActionMask = 2147483647;
			files = (
				BD480D531F29258C00A6C84A /* vodLockerAppTests.swift in Sources */,
			);
			runOnlyForDeploymentPostprocessing = 0;
		};
		BD480D551F29258C00A6C84A /* Sources */ = {
			isa = PBXSourcesBuildPhase;
			buildActionMask = 2147483647;
			files = (
				BD480D5E1F29258C00A6C84A /* vodLockerAppUITests.swift in Sources */,
			);
			runOnlyForDeploymentPostprocessing = 0;
		};
/* End PBXSourcesBuildPhase section */

/* Begin PBXTargetDependency section */
		BD480D501F29258C00A6C84A /* PBXTargetDependency */ = {
			isa = PBXTargetDependency;
			target = BD480D391F29258B00A6C84A /* vodLockerApp */;
			targetProxy = BD480D4F1F29258C00A6C84A /* PBXContainerItemProxy */;
		};
		BD480D5B1F29258C00A6C84A /* PBXTargetDependency */ = {
			isa = PBXTargetDependency;
			target = BD480D391F29258B00A6C84A /* vodLockerApp */;
			targetProxy = BD480D5A1F29258C00A6C84A /* PBXContainerItemProxy */;
		};
/* End PBXTargetDependency section */

/* Begin PBXVariantGroup section */
		BD480D411F29258B00A6C84A /* Main.storyboard */ = {
			isa = PBXVariantGroup;
			children = (
				BD480D421F29258B00A6C84A /* Base */,
			);
			name = Main.storyboard;
			sourceTree = "<group>";
		};
		BD480D461F29258B00A6C84A /* LaunchScreen.storyboard */ = {
			isa = PBXVariantGroup;
			children = (
				BD480D471F29258B00A6C84A /* Base */,
			);
			name = LaunchScreen.storyboard;
			sourceTree = "<group>";
		};
/* End PBXVariantGroup section */

/* Begin XCBuildConfiguration section */
		BD480D601F29258C00A6C84A /* Debug */ = {
			isa = XCBuildConfiguration;
			buildSettings = {
				ALWAYS_SEARCH_USER_PATHS = NO;
				CLANG_ANALYZER_NONNULL = YES;
				CLANG_ANALYZER_NUMBER_OBJECT_CONVERSION = YES_AGGRESSIVE;
				CLANG_CXX_LANGUAGE_STANDARD = "gnu++0x";
				CLANG_CXX_LIBRARY = "libc++";
				CLANG_ENABLE_MODULES = YES;
				CLANG_ENABLE_OBJC_ARC = YES;
				CLANG_WARN_BOOL_CONVERSION = YES;
				CLANG_WARN_CONSTANT_CONVERSION = YES;
				CLANG_WARN_DIRECT_OBJC_ISA_USAGE = YES_ERROR;
				CLANG_WARN_DOCUMENTATION_COMMENTS = YES;
				CLANG_WARN_EMPTY_BODY = YES;
				CLANG_WARN_ENUM_CONVERSION = YES;
				CLANG_WARN_INFINITE_RECURSION = YES;
				CLANG_WARN_INT_CONVERSION = YES;
				CLANG_WARN_OBJC_ROOT_CLASS = YES_ERROR;
				CLANG_WARN_SUSPICIOUS_MOVE = YES;
				CLANG_WARN_UNREACHABLE_CODE = YES;
				CLANG_WARN__DUPLICATE_METHOD_MATCH = YES;
				"CODE_SIGN_IDENTITY[sdk=iphoneos*]" = "iPhone Developer";
				COPY_PHASE_STRIP = NO;
				DEBUG_INFORMATION_FORMAT = dwarf;
				ENABLE_STRICT_OBJC_MSGSEND = YES;
				ENABLE_TESTABILITY = YES;
				GCC_C_LANGUAGE_STANDARD = gnu99;
				GCC_DYNAMIC_NO_PIC = NO;
				GCC_NO_COMMON_BLOCKS = YES;
				GCC_OPTIMIZATION_LEVEL = 0;
				GCC_PREPROCESSOR_DEFINITIONS = (
					"DEBUG=1",
					"$(inherited)",
				);
				GCC_WARN_64_TO_32_BIT_CONVERSION = YES;
				GCC_WARN_ABOUT_RETURN_TYPE = YES_ERROR;
				GCC_WARN_UNDECLARED_SELECTOR = YES;
				GCC_WARN_UNINITIALIZED_AUTOS = YES_AGGRESSIVE;
				GCC_WARN_UNUSED_FUNCTION = YES;
				GCC_WARN_UNUSED_VARIABLE = YES;
				IPHONEOS_DEPLOYMENT_TARGET = 10.3;
				MTL_ENABLE_DEBUG_INFO = YES;
				ONLY_ACTIVE_ARCH = YES;
				SDKROOT = iphoneos;
				SWIFT_ACTIVE_COMPILATION_CONDITIONS = DEBUG;
				SWIFT_OPTIMIZATION_LEVEL = "-Onone";
				TARGETED_DEVICE_FAMILY = "1,2";
			};
			name = Debug;
		};
		BD480D611F29258C00A6C84A /* Release */ = {
			isa = XCBuildConfiguration;
			buildSettings = {
				ALWAYS_SEARCH_USER_PATHS = NO;
				CLANG_ANALYZER_NONNULL = YES;
				CLANG_ANALYZER_NUMBER_OBJECT_CONVERSION = YES_AGGRESSIVE;
				CLANG_CXX_LANGUAGE_STANDARD = "gnu++0x";
				CLANG_CXX_LIBRARY = "libc++";
				CLANG_ENABLE_MODULES = YES;
				CLANG_ENABLE_OBJC_ARC = YES;
				CLANG_WARN_BOOL_CONVERSION = YES;
				CLANG_WARN_CONSTANT_CONVERSION = YES;
				CLANG_WARN_DIRECT_OBJC_ISA_USAGE = YES_ERROR;
				CLANG_WARN_DOCUMENTATION_COMMENTS = YES;
				CLANG_WARN_EMPTY_BODY = YES;
				CLANG_WARN_ENUM_CONVERSION = YES;
				CLANG_WARN_INFINITE_RECURSION = YES;
				CLANG_WARN_INT_CONVERSION = YES;
				CLANG_WARN_OBJC_ROOT_CLASS = YES_ERROR;
				CLANG_WARN_SUSPICIOUS_MOVE = YES;
				CLANG_WARN_UNREACHABLE_CODE = YES;
				CLANG_WARN__DUPLICATE_METHOD_MATCH = YES;
				"CODE_SIGN_IDENTITY[sdk=iphoneos*]" = "iPhone Developer";
				COPY_PHASE_STRIP = NO;
				DEBUG_INFORMATION_FORMAT = "dwarf-with-dsym";
				ENABLE_NS_ASSERTIONS = NO;
				ENABLE_STRICT_OBJC_MSGSEND = YES;
				GCC_C_LANGUAGE_STANDARD = gnu99;
				GCC_NO_COMMON_BLOCKS = YES;
				GCC_WARN_64_TO_32_BIT_CONVERSION = YES;
				GCC_WARN_ABOUT_RETURN_TYPE = YES_ERROR;
				GCC_WARN_UNDECLARED_SELECTOR = YES;
				GCC_WARN_UNINITIALIZED_AUTOS = YES_AGGRESSIVE;
				GCC_WARN_UNUSED_FUNCTION = YES;
				GCC_WARN_UNUSED_VARIABLE = YES;
				IPHONEOS_DEPLOYMENT_TARGET = 10.3;
				MTL_ENABLE_DEBUG_INFO = NO;
				SDKROOT = iphoneos;
				SWIFT_OPTIMIZATION_LEVEL = "-Owholemodule";
				TARGETED_DEVICE_FAMILY = "1,2";
				VALIDATE_PRODUCT = YES;
			};
			name = Release;
		};
		BD480D631F29258C00A6C84A /* Debug */ = {
			isa = XCBuildConfiguration;
			baseConfigurationReference = 1B1A9099B3D930CABE313E1B /* Pods-vodLockerApp.debug.xcconfig */;
			buildSettings = {
				ASSETCATALOG_COMPILER_APPICON_NAME = AppIcon;
				DEVELOPMENT_TEAM = Q844VW9UW4;
				INFOPLIST_FILE = vodLockerApp/Info.plist;
				LD_RUNPATH_SEARCH_PATHS = "$(inherited) @executable_path/Frameworks";
				PRODUCT_BUNDLE_IDENTIFIER = com.colinWalsh.vodLockerApp;
				PRODUCT_NAME = "$(TARGET_NAME)";
				SWIFT_VERSION = 3.0;
			};
			name = Debug;
		};
		BD480D641F29258C00A6C84A /* Release */ = {
			isa = XCBuildConfiguration;
			baseConfigurationReference = 39CE8808D09AA5A432FFAEB3 /* Pods-vodLockerApp.release.xcconfig */;
			buildSettings = {
				ASSETCATALOG_COMPILER_APPICON_NAME = AppIcon;
				DEVELOPMENT_TEAM = Q844VW9UW4;
				INFOPLIST_FILE = vodLockerApp/Info.plist;
				LD_RUNPATH_SEARCH_PATHS = "$(inherited) @executable_path/Frameworks";
				PRODUCT_BUNDLE_IDENTIFIER = com.colinWalsh.vodLockerApp;
				PRODUCT_NAME = "$(TARGET_NAME)";
				SWIFT_VERSION = 3.0;
			};
			name = Release;
		};
		BD480D661F29258C00A6C84A /* Debug */ = {
			isa = XCBuildConfiguration;
			baseConfigurationReference = 0E937F174A9CDDF672324530 /* Pods-vodLockerAppTests.debug.xcconfig */;
			buildSettings = {
				ALWAYS_EMBED_SWIFT_STANDARD_LIBRARIES = YES;
				BUNDLE_LOADER = "$(TEST_HOST)";
				INFOPLIST_FILE = vodLockerAppTests/Info.plist;
				LD_RUNPATH_SEARCH_PATHS = "$(inherited) @executable_path/Frameworks @loader_path/Frameworks";
				PRODUCT_BUNDLE_IDENTIFIER = com.colinWalsh.vodLockerAppTests;
				PRODUCT_NAME = "$(TARGET_NAME)";
				SWIFT_VERSION = 3.0;
				TEST_HOST = "$(BUILT_PRODUCTS_DIR)/vodLockerApp.app/vodLockerApp";
			};
			name = Debug;
		};
		BD480D671F29258C00A6C84A /* Release */ = {
			isa = XCBuildConfiguration;
			baseConfigurationReference = 72A542E7E4C081E23BF8F441 /* Pods-vodLockerAppTests.release.xcconfig */;
			buildSettings = {
				ALWAYS_EMBED_SWIFT_STANDARD_LIBRARIES = YES;
				BUNDLE_LOADER = "$(TEST_HOST)";
				INFOPLIST_FILE = vodLockerAppTests/Info.plist;
				LD_RUNPATH_SEARCH_PATHS = "$(inherited) @executable_path/Frameworks @loader_path/Frameworks";
				PRODUCT_BUNDLE_IDENTIFIER = com.colinWalsh.vodLockerAppTests;
				PRODUCT_NAME = "$(TARGET_NAME)";
				SWIFT_VERSION = 3.0;
				TEST_HOST = "$(BUILT_PRODUCTS_DIR)/vodLockerApp.app/vodLockerApp";
			};
			name = Release;
		};
		BD480D691F29258C00A6C84A /* Debug */ = {
			isa = XCBuildConfiguration;
			baseConfigurationReference = 478A954B737F83334853B555 /* Pods-vodLockerAppUITests.debug.xcconfig */;
			buildSettings = {
				ALWAYS_EMBED_SWIFT_STANDARD_LIBRARIES = YES;
				INFOPLIST_FILE = vodLockerAppUITests/Info.plist;
				LD_RUNPATH_SEARCH_PATHS = "$(inherited) @executable_path/Frameworks @loader_path/Frameworks";
				PRODUCT_BUNDLE_IDENTIFIER = com.colinWalsh.vodLockerAppUITests;
				PRODUCT_NAME = "$(TARGET_NAME)";
				SWIFT_VERSION = 3.0;
				TEST_TARGET_NAME = vodLockerApp;
			};
			name = Debug;
		};
		BD480D6A1F29258C00A6C84A /* Release */ = {
			isa = XCBuildConfiguration;
			baseConfigurationReference = EC6591F7CEB1A123514E46BE /* Pods-vodLockerAppUITests.release.xcconfig */;
			buildSettings = {
				ALWAYS_EMBED_SWIFT_STANDARD_LIBRARIES = YES;
				INFOPLIST_FILE = vodLockerAppUITests/Info.plist;
				LD_RUNPATH_SEARCH_PATHS = "$(inherited) @executable_path/Frameworks @loader_path/Frameworks";
				PRODUCT_BUNDLE_IDENTIFIER = com.colinWalsh.vodLockerAppUITests;
				PRODUCT_NAME = "$(TARGET_NAME)";
				SWIFT_VERSION = 3.0;
				TEST_TARGET_NAME = vodLockerApp;
			};
			name = Release;
		};
/* End XCBuildConfiguration section */

/* Begin XCConfigurationList section */
		BD480D351F29258B00A6C84A /* Build configuration list for PBXProject "vodLockerApp" */ = {
			isa = XCConfigurationList;
			buildConfigurations = (
				BD480D601F29258C00A6C84A /* Debug */,
				BD480D611F29258C00A6C84A /* Release */,
			);
			defaultConfigurationIsVisible = 0;
			defaultConfigurationName = Release;
		};
		BD480D621F29258C00A6C84A /* Build configuration list for PBXNativeTarget "vodLockerApp" */ = {
			isa = XCConfigurationList;
			buildConfigurations = (
				BD480D631F29258C00A6C84A /* Debug */,
				BD480D641F29258C00A6C84A /* Release */,
			);
			defaultConfigurationIsVisible = 0;
			defaultConfigurationName = Release;
		};
		BD480D651F29258C00A6C84A /* Build configuration list for PBXNativeTarget "vodLockerAppTests" */ = {
			isa = XCConfigurationList;
			buildConfigurations = (
				BD480D661F29258C00A6C84A /* Debug */,
				BD480D671F29258C00A6C84A /* Release */,
			);
			defaultConfigurationIsVisible = 0;
			defaultConfigurationName = Release;
		};
		BD480D681F29258C00A6C84A /* Build configuration list for PBXNativeTarget "vodLockerAppUITests" */ = {
			isa = XCConfigurationList;
			buildConfigurations = (
				BD480D691F29258C00A6C84A /* Debug */,
				BD480D6A1F29258C00A6C84A /* Release */,
			);
			defaultConfigurationIsVisible = 0;
			defaultConfigurationName = Release;
		};
/* End XCConfigurationList section */
	};
	rootObject = BD480D321F29258B00A6C84A /* Project object */;
}
